PODS:
  - SnapKit (5.6.0)
  - XCoordinator (2.2.1):
    - XCoordinator/Core (= 2.2.1)
  - XCoordinator/Core (2.2.1)

DEPENDENCIES:
  - SnapKit (~> 5.6.0)
  - XCoordinator (~> 2.0)

SPEC REPOS:
  trunk:
    - SnapKit
    - XCoordinator

SPEC CHECKSUMS:
  SnapKit: e01d52ebb8ddbc333eefe2132acf85c8227d9c25
  XCoordinator: 2cf9f72e10998b7a4a4bbeac3d07e071ea82fca3

PODFILE CHECKSUM: 281a706969954250e8c69f4dd000ebeaf0c0b526

COCOAPODS: 1.12.1
